// !$*UTF8*$!
{
	archiveVersion = 1;
	classes = {
	};
	objectVersion = 56;
	objects = {

/* Begin PBXBuildFile section */
		AAD3C0A32B096D16007BE37F /* TimerModel.swift in Sources */ = {isa = PBXBuildFile; fileRef = AAD3C0A22B096D16007BE37F /* TimerModel.swift */; };
		AAD3C0A92B0AE588007BE37F /* EvaluationModel.swift in Sources */ = {isa = PBXBuildFile; fileRef = AAD3C0A82B0AE588007BE37F /* EvaluationModel.swift */; };
		C07558752B057794001414B7 /* AppDelegate.swift in Sources */ = {isa = PBXBuildFile; fileRef = C07558742B057794001414B7 /* AppDelegate.swift */; };
		C07558772B057794001414B7 /* SceneDelegate.swift in Sources */ = {isa = PBXBuildFile; fileRef = C07558762B057794001414B7 /* SceneDelegate.swift */; };
		C07558792B057794001414B7 /* ViewController.swift in Sources */ = {isa = PBXBuildFile; fileRef = C07558782B057794001414B7 /* ViewController.swift */; };
		C075587C2B057794001414B7 /* Main.storyboard in Resources */ = {isa = PBXBuildFile; fileRef = C075587A2B057794001414B7 /* Main.storyboard */; };
		C075587E2B057795001414B7 /* Assets.xcassets in Resources */ = {isa = PBXBuildFile; fileRef = C075587D2B057795001414B7 /* Assets.xcassets */; };
		C07558812B057795001414B7 /* LaunchScreen.storyboard in Resources */ = {isa = PBXBuildFile; fileRef = C075587F2B057795001414B7 /* LaunchScreen.storyboard */; };
		C07558892B0C1373001414B7 /* AudioModel.swift in Sources */ = {isa = PBXBuildFile; fileRef = C07558882B0C1372001414B7 /* AudioModel.swift */; };
		C07558F52B0C1739001414B7 /* AudioFileWriter.m in Sources */ = {isa = PBXBuildFile; fileRef = C07558E62B0C1739001414B7 /* AudioFileWriter.m */; };
		C07558F62B0C1739001414B7 /* BufferedOverlapQueue.m in Sources */ = {isa = PBXBuildFile; fileRef = C07558EB2B0C1739001414B7 /* BufferedOverlapQueue.m */; };
		C07558F72B0C1739001414B7 /* FFTHelper.m in Sources */ = {isa = PBXBuildFile; fileRef = C07558EC2B0C1739001414B7 /* FFTHelper.m */; };
		C07558F82B0C1739001414B7 /* PeakFinder.m in Sources */ = {isa = PBXBuildFile; fileRef = C07558ED2B0C1739001414B7 /* PeakFinder.m */; };
		C07558F92B0C1739001414B7 /* AudioFileReader.m in Sources */ = {isa = PBXBuildFile; fileRef = C07558EE2B0C1739001414B7 /* AudioFileReader.m */; };
		C07558FA2B0C1739001414B7 /* CircularBuffer.m in Sources */ = {isa = PBXBuildFile; fileRef = C07558EF2B0C1739001414B7 /* CircularBuffer.m */; };
		C07558FB2B0C1739001414B7 /* Novocaine.m in Sources */ = {isa = PBXBuildFile; fileRef = C07558F12B0C1739001414B7 /* Novocaine.m */; };
		C07558FC2B0C1739001414B7 /* CubicSpline.m in Sources */ = {isa = PBXBuildFile; fileRef = C07558F22B0C1739001414B7 /* CubicSpline.m */; };
		C07558FD2B0C1739001414B7 /* DataBufferBlock.m in Sources */ = {isa = PBXBuildFile; fileRef = C07558F32B0C1739001414B7 /* DataBufferBlock.m */; };
		C07558FE2B0C1739001414B7 /* AudioFileReader.mm in Sources */ = {isa = PBXBuildFile; fileRef = C07558F42B0C1739001414B7 /* AudioFileReader.mm */; };
/* End PBXBuildFile section */

/* Begin PBXFileReference section */
		AAD3C0A22B096D16007BE37F /* TimerModel.swift */ = {isa = PBXFileReference; lastKnownFileType = sourcecode.swift; path = TimerModel.swift; sourceTree = "<group>"; };
		AAD3C0A82B0AE588007BE37F /* EvaluationModel.swift */ = {isa = PBXFileReference; lastKnownFileType = sourcecode.swift; path = EvaluationModel.swift; sourceTree = "<group>"; };
		AAD3C0B92B0BE819007BE37F /* Saxophone ML-Bridging-Header.h */ = {isa = PBXFileReference; lastKnownFileType = sourcecode.c.h; path = "Saxophone ML-Bridging-Header.h"; sourceTree = "<group>"; };
		C07558712B057794001414B7 /* Saxophone ML.app */ = {isa = PBXFileReference; explicitFileType = wrapper.application; includeInIndex = 0; path = "Saxophone ML.app"; sourceTree = BUILT_PRODUCTS_DIR; };
		C07558742B057794001414B7 /* AppDelegate.swift */ = {isa = PBXFileReference; lastKnownFileType = sourcecode.swift; path = AppDelegate.swift; sourceTree = "<group>"; };
		C07558762B057794001414B7 /* SceneDelegate.swift */ = {isa = PBXFileReference; lastKnownFileType = sourcecode.swift; path = SceneDelegate.swift; sourceTree = "<group>"; };
		C07558782B057794001414B7 /* ViewController.swift */ = {isa = PBXFileReference; lastKnownFileType = sourcecode.swift; path = ViewController.swift; sourceTree = "<group>"; };
		C075587B2B057794001414B7 /* Base */ = {isa = PBXFileReference; lastKnownFileType = file.storyboard; name = Base; path = Base.lproj/Main.storyboard; sourceTree = "<group>"; };
		C075587D2B057795001414B7 /* Assets.xcassets */ = {isa = PBXFileReference; lastKnownFileType = folder.assetcatalog; path = Assets.xcassets; sourceTree = "<group>"; };
		C07558802B057795001414B7 /* Base */ = {isa = PBXFileReference; lastKnownFileType = file.storyboard; name = Base; path = Base.lproj/LaunchScreen.storyboard; sourceTree = "<group>"; };
		C07558822B057795001414B7 /* Info.plist */ = {isa = PBXFileReference; lastKnownFileType = text.plist.xml; path = Info.plist; sourceTree = "<group>"; };
		C07558882B0C1372001414B7 /* AudioModel.swift */ = {isa = PBXFileReference; fileEncoding = 4; lastKnownFileType = sourcecode.swift; path = AudioModel.swift; sourceTree = "<group>"; };
		C07558E22B0C1739001414B7 /* CubicSpline.h */ = {isa = PBXFileReference; fileEncoding = 4; lastKnownFileType = sourcecode.c.h; name = CubicSpline.h; path = "../../../../../../../../Downloads/AudioFiltering-FFT-DopplerShifts/AudioDSPUtils/CubicSpline.h"; sourceTree = "<group>"; };
		C07558E32B0C1739001414B7 /* PeakFinder.h */ = {isa = PBXFileReference; fileEncoding = 4; lastKnownFileType = sourcecode.c.h; name = PeakFinder.h; path = "../../../../../../../../Downloads/AudioFiltering-FFT-DopplerShifts/AudioDSPUtils/PeakFinder.h"; sourceTree = "<group>"; };
		C07558E42B0C1739001414B7 /* CircularBuffer.h */ = {isa = PBXFileReference; fileEncoding = 4; lastKnownFileType = sourcecode.c.h; name = CircularBuffer.h; path = "../../../../../../../../Downloads/AudioFiltering-FFT-DopplerShifts/AudioDSPUtils/CircularBuffer.h"; sourceTree = "<group>"; };
		C07558E52B0C1739001414B7 /* AudioFileReader.h */ = {isa = PBXFileReference; fileEncoding = 4; lastKnownFileType = sourcecode.c.h; name = AudioFileReader.h; path = "../../../../../../../../Downloads/AudioFiltering-FFT-DopplerShifts/AudioDSPUtils/AudioFileReader.h"; sourceTree = "<group>"; };
		C07558E62B0C1739001414B7 /* AudioFileWriter.m */ = {isa = PBXFileReference; fileEncoding = 4; lastKnownFileType = sourcecode.c.objc; name = AudioFileWriter.m; path = "../../../../../../../../Downloads/AudioFiltering-FFT-DopplerShifts/AudioDSPUtils/AudioFileWriter.m"; sourceTree = "<group>"; };
		C07558E72B0C1739001414B7 /* BufferedOverlapQueue.h */ = {isa = PBXFileReference; fileEncoding = 4; lastKnownFileType = sourcecode.c.h; name = BufferedOverlapQueue.h; path = "../../../../../../../../Downloads/AudioFiltering-FFT-DopplerShifts/AudioDSPUtils/BufferedOverlapQueue.h"; sourceTree = "<group>"; };
		C07558E82B0C1739001414B7 /* DataBufferBlock.h */ = {isa = PBXFileReference; fileEncoding = 4; lastKnownFileType = sourcecode.c.h; name = DataBufferBlock.h; path = "../../../../../../../../Downloads/AudioFiltering-FFT-DopplerShifts/AudioDSPUtils/DataBufferBlock.h"; sourceTree = "<group>"; };
		C07558E92B0C1739001414B7 /* FFTHelper.h */ = {isa = PBXFileReference; fileEncoding = 4; lastKnownFileType = sourcecode.c.h; name = FFTHelper.h; path = "../../../../../../../../Downloads/AudioFiltering-FFT-DopplerShifts/AudioDSPUtils/FFTHelper.h"; sourceTree = "<group>"; };
		C07558EA2B0C1739001414B7 /* Novocaine.h */ = {isa = PBXFileReference; fileEncoding = 4; lastKnownFileType = sourcecode.c.h; name = Novocaine.h; path = "../../../../../../../../Downloads/AudioFiltering-FFT-DopplerShifts/AudioDSPUtils/Novocaine.h"; sourceTree = "<group>"; };
		C07558EB2B0C1739001414B7 /* BufferedOverlapQueue.m */ = {isa = PBXFileReference; fileEncoding = 4; lastKnownFileType = sourcecode.c.objc; name = BufferedOverlapQueue.m; path = "../../../../../../../../Downloads/AudioFiltering-FFT-DopplerShifts/AudioDSPUtils/BufferedOverlapQueue.m"; sourceTree = "<group>"; };
		C07558EC2B0C1739001414B7 /* FFTHelper.m */ = {isa = PBXFileReference; fileEncoding = 4; lastKnownFileType = sourcecode.c.objc; name = FFTHelper.m; path = "../../../../../../../../Downloads/AudioFiltering-FFT-DopplerShifts/AudioDSPUtils/FFTHelper.m"; sourceTree = "<group>"; };
		C07558ED2B0C1739001414B7 /* PeakFinder.m */ = {isa = PBXFileReference; fileEncoding = 4; lastKnownFileType = sourcecode.c.objc; name = PeakFinder.m; path = "../../../../../../../../Downloads/AudioFiltering-FFT-DopplerShifts/AudioDSPUtils/PeakFinder.m"; sourceTree = "<group>"; };
		C07558EE2B0C1739001414B7 /* AudioFileReader.m */ = {isa = PBXFileReference; fileEncoding = 4; lastKnownFileType = sourcecode.c.objc; name = AudioFileReader.m; path = "../../../../../../../../Downloads/AudioFiltering-FFT-DopplerShifts/AudioDSPUtils/AudioFileReader.m"; sourceTree = "<group>"; };
		C07558EF2B0C1739001414B7 /* CircularBuffer.m */ = {isa = PBXFileReference; fileEncoding = 4; lastKnownFileType = sourcecode.c.objc; name = CircularBuffer.m; path = "../../../../../../../../Downloads/AudioFiltering-FFT-DopplerShifts/AudioDSPUtils/CircularBuffer.m"; sourceTree = "<group>"; };
		C07558F02B0C1739001414B7 /* AudioFileWriter.h */ = {isa = PBXFileReference; fileEncoding = 4; lastKnownFileType = sourcecode.c.h; name = AudioFileWriter.h; path = "../../../../../../../../Downloads/AudioFiltering-FFT-DopplerShifts/AudioDSPUtils/AudioFileWriter.h"; sourceTree = "<group>"; };
		C07558F12B0C1739001414B7 /* Novocaine.m */ = {isa = PBXFileReference; fileEncoding = 4; lastKnownFileType = sourcecode.c.objc; name = Novocaine.m; path = "../../../../../../../../Downloads/AudioFiltering-FFT-DopplerShifts/AudioDSPUtils/Novocaine.m"; sourceTree = "<group>"; };
		C07558F22B0C1739001414B7 /* CubicSpline.m */ = {isa = PBXFileReference; fileEncoding = 4; lastKnownFileType = sourcecode.c.objc; name = CubicSpline.m; path = "../../../../../../../../Downloads/AudioFiltering-FFT-DopplerShifts/AudioDSPUtils/CubicSpline.m"; sourceTree = "<group>"; };
		C07558F32B0C1739001414B7 /* DataBufferBlock.m */ = {isa = PBXFileReference; fileEncoding = 4; lastKnownFileType = sourcecode.c.objc; name = DataBufferBlock.m; path = "../../../../../../../../Downloads/AudioFiltering-FFT-DopplerShifts/AudioDSPUtils/DataBufferBlock.m"; sourceTree = "<group>"; };
		C07558F42B0C1739001414B7 /* AudioFileReader.mm */ = {isa = PBXFileReference; fileEncoding = 4; lastKnownFileType = sourcecode.cpp.objcpp; name = AudioFileReader.mm; path = "../../../../../../../../Downloads/AudioFiltering-FFT-DopplerShifts/AudioDSPUtils/AudioFileReader.mm"; sourceTree = "<group>"; };
/* End PBXFileReference section */

/* Begin PBXFrameworksBuildPhase section */
		C075586E2B057794001414B7 /* Frameworks */ = {
			isa = PBXFrameworksBuildPhase;
			buildActionMask = 2147483647;
			files = (
			);
			runOnlyForDeploymentPostprocessing = 0;
		};
/* End PBXFrameworksBuildPhase section */

/* Begin PBXGroup section */
		C07558682B057794001414B7 = {
			isa = PBXGroup;
			children = (
				C07558732B057794001414B7 /* Saxophone ML */,
				C07558722B057794001414B7 /* Products */,
			);
			sourceTree = "<group>";
		};
		C07558722B057794001414B7 /* Products */ = {
			isa = PBXGroup;
			children = (
				C07558712B057794001414B7 /* Saxophone ML.app */,
			);
			name = Products;
			sourceTree = "<group>";
		};
		C07558732B057794001414B7 /* Saxophone ML */ = {
			isa = PBXGroup;
			children = (
				C07558E52B0C1739001414B7 /* AudioFileReader.h */,
				C07558EE2B0C1739001414B7 /* AudioFileReader.m */,
				C07558F42B0C1739001414B7 /* AudioFileReader.mm */,
				C07558F02B0C1739001414B7 /* AudioFileWriter.h */,
				C07558E62B0C1739001414B7 /* AudioFileWriter.m */,
				C07558E72B0C1739001414B7 /* BufferedOverlapQueue.h */,
				C07558EB2B0C1739001414B7 /* BufferedOverlapQueue.m */,
				C07558E42B0C1739001414B7 /* CircularBuffer.h */,
				C07558EF2B0C1739001414B7 /* CircularBuffer.m */,
				C07558E22B0C1739001414B7 /* CubicSpline.h */,
				C07558F22B0C1739001414B7 /* CubicSpline.m */,
				C07558E82B0C1739001414B7 /* DataBufferBlock.h */,
				C07558F32B0C1739001414B7 /* DataBufferBlock.m */,
				C07558E92B0C1739001414B7 /* FFTHelper.h */,
				C07558EC2B0C1739001414B7 /* FFTHelper.m */,
				C07558EA2B0C1739001414B7 /* Novocaine.h */,
				C07558F12B0C1739001414B7 /* Novocaine.m */,
				C07558E32B0C1739001414B7 /* PeakFinder.h */,
				C07558ED2B0C1739001414B7 /* PeakFinder.m */,
				C07558882B0C1372001414B7 /* AudioModel.swift */,
				AAD3C0A82B0AE588007BE37F /* EvaluationModel.swift */,
				AAD3C0A22B096D16007BE37F /* TimerModel.swift */,
				C07558762B057794001414B7 /* SceneDelegate.swift */,
				C07558742B057794001414B7 /* AppDelegate.swift */,
				C07558782B057794001414B7 /* ViewController.swift */,
				C075587A2B057794001414B7 /* Main.storyboard */,
				C075587D2B057795001414B7 /* Assets.xcassets */,
				C075587F2B057795001414B7 /* LaunchScreen.storyboard */,
				C07558822B057795001414B7 /* Info.plist */,
				AAD3C0B92B0BE819007BE37F /* Saxophone ML-Bridging-Header.h */,
			);
			path = "Saxophone ML";
			sourceTree = "<group>";
		};
/* End PBXGroup section */

/* Begin PBXNativeTarget section */
		C07558702B057794001414B7 /* Saxophone ML */ = {
			isa = PBXNativeTarget;
			buildConfigurationList = C07558852B057795001414B7 /* Build configuration list for PBXNativeTarget "Saxophone ML" */;
			buildPhases = (
				C075586D2B057794001414B7 /* Sources */,
				C075586E2B057794001414B7 /* Frameworks */,
				C075586F2B057794001414B7 /* Resources */,
			);
			buildRules = (
			);
			dependencies = (
			);
			name = "Saxophone ML";
			productName = "Saxophone ML";
			productReference = C07558712B057794001414B7 /* Saxophone ML.app */;
			productType = "com.apple.product-type.application";
		};
/* End PBXNativeTarget section */

/* Begin PBXProject section */
		C07558692B057794001414B7 /* Project object */ = {
			isa = PBXProject;
			attributes = {
				BuildIndependentTargetsInParallel = 1;
				LastSwiftUpdateCheck = 1500;
				LastUpgradeCheck = 1500;
				TargetAttributes = {
					C07558702B057794001414B7 = {
						CreatedOnToolsVersion = 15.0;
						LastSwiftMigration = 1500;
					};
				};
			};
			buildConfigurationList = C075586C2B057794001414B7 /* Build configuration list for PBXProject "Saxophone ML" */;
			compatibilityVersion = "Xcode 14.0";
			developmentRegion = en;
			hasScannedForEncodings = 0;
			knownRegions = (
				en,
				Base,
			);
			mainGroup = C07558682B057794001414B7;
			productRefGroup = C07558722B057794001414B7 /* Products */;
			projectDirPath = "";
			projectRoot = "";
			targets = (
				C07558702B057794001414B7 /* Saxophone ML */,
			);
		};
/* End PBXProject section */

/* Begin PBXResourcesBuildPhase section */
		C075586F2B057794001414B7 /* Resources */ = {
			isa = PBXResourcesBuildPhase;
			buildActionMask = 2147483647;
			files = (
				C07558812B057795001414B7 /* LaunchScreen.storyboard in Resources */,
				C075587E2B057795001414B7 /* Assets.xcassets in Resources */,
				C075587C2B057794001414B7 /* Main.storyboard in Resources */,
			);
			runOnlyForDeploymentPostprocessing = 0;
		};
/* End PBXResourcesBuildPhase section */

/* Begin PBXSourcesBuildPhase section */
		C075586D2B057794001414B7 /* Sources */ = {
			isa = PBXSourcesBuildPhase;
			buildActionMask = 2147483647;
			files = (
				C07558792B057794001414B7 /* ViewController.swift in Sources */,
				AAD3C0A32B096D16007BE37F /* TimerModel.swift in Sources */,
				C07558F62B0C1739001414B7 /* BufferedOverlapQueue.m in Sources */,
				C07558892B0C1373001414B7 /* AudioModel.swift in Sources */,
				C07558FB2B0C1739001414B7 /* Novocaine.m in Sources */,
				C07558752B057794001414B7 /* AppDelegate.swift in Sources */,
				C07558F72B0C1739001414B7 /* FFTHelper.m in Sources */,
				C07558FA2B0C1739001414B7 /* CircularBuffer.m in Sources */,
				C07558F82B0C1739001414B7 /* PeakFinder.m in Sources */,
				C07558772B057794001414B7 /* SceneDelegate.swift in Sources */,
				C07558F92B0C1739001414B7 /* AudioFileReader.m in Sources */,
				AAD3C0A92B0AE588007BE37F /* EvaluationModel.swift in Sources */,
				C07558FD2B0C1739001414B7 /* DataBufferBlock.m in Sources */,
				C07558F52B0C1739001414B7 /* AudioFileWriter.m in Sources */,
				C07558FC2B0C1739001414B7 /* CubicSpline.m in Sources */,
				C07558FE2B0C1739001414B7 /* AudioFileReader.mm in Sources */,
			);
			runOnlyForDeploymentPostprocessing = 0;
		};
/* End PBXSourcesBuildPhase section */

/* Begin PBXVariantGroup section */
		C075587A2B057794001414B7 /* Main.storyboard */ = {
			isa = PBXVariantGroup;
			children = (
				C075587B2B057794001414B7 /* Base */,
			);
			name = Main.storyboard;
			sourceTree = "<group>";
		};
		C075587F2B057795001414B7 /* LaunchScreen.storyboard */ = {
			isa = PBXVariantGroup;
			children = (
				C07558802B057795001414B7 /* Base */,
			);
			name = LaunchScreen.storyboard;
			sourceTree = "<group>";
		};
/* End PBXVariantGroup section */

/* Begin XCBuildConfiguration section */
		C07558832B057795001414B7 /* Debug */ = {
			isa = XCBuildConfiguration;
			buildSettings = {
				ALWAYS_SEARCH_USER_PATHS = NO;
				ASSETCATALOG_COMPILER_GENERATE_SWIFT_ASSET_SYMBOL_EXTENSIONS = YES;
				CLANG_ANALYZER_NONNULL = YES;
				CLANG_ANALYZER_NUMBER_OBJECT_CONVERSION = YES_AGGRESSIVE;
				CLANG_CXX_LANGUAGE_STANDARD = "gnu++20";
				CLANG_ENABLE_MODULES = YES;
				CLANG_ENABLE_OBJC_ARC = YES;
				CLANG_ENABLE_OBJC_WEAK = YES;
				CLANG_WARN_BLOCK_CAPTURE_AUTORELEASING = YES;
				CLANG_WARN_BOOL_CONVERSION = YES;
				CLANG_WARN_COMMA = YES;
				CLANG_WARN_CONSTANT_CONVERSION = YES;
				CLANG_WARN_DEPRECATED_OBJC_IMPLEMENTATIONS = YES;
				CLANG_WARN_DIRECT_OBJC_ISA_USAGE = YES_ERROR;
				CLANG_WARN_DOCUMENTATION_COMMENTS = YES;
				CLANG_WARN_EMPTY_BODY = YES;
				CLANG_WARN_ENUM_CONVERSION = YES;
				CLANG_WARN_INFINITE_RECURSION = YES;
				CLANG_WARN_INT_CONVERSION = YES;
				CLANG_WARN_NON_LITERAL_NULL_CONVERSION = YES;
				CLANG_WARN_OBJC_IMPLICIT_RETAIN_SELF = YES;
				CLANG_WARN_OBJC_LITERAL_CONVERSION = YES;
				CLANG_WARN_OBJC_ROOT_CLASS = YES_ERROR;
				CLANG_WARN_QUOTED_INCLUDE_IN_FRAMEWORK_HEADER = YES;
				CLANG_WARN_RANGE_LOOP_ANALYSIS = YES;
				CLANG_WARN_STRICT_PROTOTYPES = YES;
				CLANG_WARN_SUSPICIOUS_MOVE = YES;
				CLANG_WARN_UNGUARDED_AVAILABILITY = YES_AGGRESSIVE;
				CLANG_WARN_UNREACHABLE_CODE = YES;
				CLANG_WARN__DUPLICATE_METHOD_MATCH = YES;
				COPY_PHASE_STRIP = NO;
				DEBUG_INFORMATION_FORMAT = dwarf;
				ENABLE_STRICT_OBJC_MSGSEND = YES;
				ENABLE_TESTABILITY = YES;
				ENABLE_USER_SCRIPT_SANDBOXING = YES;
				GCC_C_LANGUAGE_STANDARD = gnu17;
				GCC_DYNAMIC_NO_PIC = NO;
				GCC_NO_COMMON_BLOCKS = YES;
				GCC_OPTIMIZATION_LEVEL = 0;
				GCC_PREPROCESSOR_DEFINITIONS = (
					"DEBUG=1",
					"$(inherited)",
				);
				GCC_WARN_64_TO_32_BIT_CONVERSION = YES;
				GCC_WARN_ABOUT_RETURN_TYPE = YES_ERROR;
				GCC_WARN_UNDECLARED_SELECTOR = YES;
				GCC_WARN_UNINITIALIZED_AUTOS = YES_AGGRESSIVE;
				GCC_WARN_UNUSED_FUNCTION = YES;
				GCC_WARN_UNUSED_VARIABLE = YES;
				IPHONEOS_DEPLOYMENT_TARGET = 17.0;
				LOCALIZATION_PREFERS_STRING_CATALOGS = YES;
				MTL_ENABLE_DEBUG_INFO = INCLUDE_SOURCE;
				MTL_FAST_MATH = YES;
				ONLY_ACTIVE_ARCH = YES;
				SDKROOT = iphoneos;
				SWIFT_ACTIVE_COMPILATION_CONDITIONS = "DEBUG $(inherited)";
				SWIFT_OPTIMIZATION_LEVEL = "-Onone";
			};
			name = Debug;
		};
		C07558842B057795001414B7 /* Release */ = {
			isa = XCBuildConfiguration;
			buildSettings = {
				ALWAYS_SEARCH_USER_PATHS = NO;
				ASSETCATALOG_COMPILER_GENERATE_SWIFT_ASSET_SYMBOL_EXTENSIONS = YES;
				CLANG_ANALYZER_NONNULL = YES;
				CLANG_ANALYZER_NUMBER_OBJECT_CONVERSION = YES_AGGRESSIVE;
				CLANG_CXX_LANGUAGE_STANDARD = "gnu++20";
				CLANG_ENABLE_MODULES = YES;
				CLANG_ENABLE_OBJC_ARC = YES;
				CLANG_ENABLE_OBJC_WEAK = YES;
				CLANG_WARN_BLOCK_CAPTURE_AUTORELEASING = YES;
				CLANG_WARN_BOOL_CONVERSION = YES;
				CLANG_WARN_COMMA = YES;
				CLANG_WARN_CONSTANT_CONVERSION = YES;
				CLANG_WARN_DEPRECATED_OBJC_IMPLEMENTATIONS = YES;
				CLANG_WARN_DIRECT_OBJC_ISA_USAGE = YES_ERROR;
				CLANG_WARN_DOCUMENTATION_COMMENTS = YES;
				CLANG_WARN_EMPTY_BODY = YES;
				CLANG_WARN_ENUM_CONVERSION = YES;
				CLANG_WARN_INFINITE_RECURSION = YES;
				CLANG_WARN_INT_CONVERSION = YES;
				CLANG_WARN_NON_LITERAL_NULL_CONVERSION = YES;
				CLANG_WARN_OBJC_IMPLICIT_RETAIN_SELF = YES;
				CLANG_WARN_OBJC_LITERAL_CONVERSION = YES;
				CLANG_WARN_OBJC_ROOT_CLASS = YES_ERROR;
				CLANG_WARN_QUOTED_INCLUDE_IN_FRAMEWORK_HEADER = YES;
				CLANG_WARN_RANGE_LOOP_ANALYSIS = YES;
				CLANG_WARN_STRICT_PROTOTYPES = YES;
				CLANG_WARN_SUSPICIOUS_MOVE = YES;
				CLANG_WARN_UNGUARDED_AVAILABILITY = YES_AGGRESSIVE;
				CLANG_WARN_UNREACHABLE_CODE = YES;
				CLANG_WARN__DUPLICATE_METHOD_MATCH = YES;
				COPY_PHASE_STRIP = NO;
				DEBUG_INFORMATION_FORMAT = "dwarf-with-dsym";
				ENABLE_NS_ASSERTIONS = NO;
				ENABLE_STRICT_OBJC_MSGSEND = YES;
				ENABLE_USER_SCRIPT_SANDBOXING = YES;
				GCC_C_LANGUAGE_STANDARD = gnu17;
				GCC_NO_COMMON_BLOCKS = YES;
				GCC_WARN_64_TO_32_BIT_CONVERSION = YES;
				GCC_WARN_ABOUT_RETURN_TYPE = YES_ERROR;
				GCC_WARN_UNDECLARED_SELECTOR = YES;
				GCC_WARN_UNINITIALIZED_AUTOS = YES_AGGRESSIVE;
				GCC_WARN_UNUSED_FUNCTION = YES;
				GCC_WARN_UNUSED_VARIABLE = YES;
				IPHONEOS_DEPLOYMENT_TARGET = 17.0;
				LOCALIZATION_PREFERS_STRING_CATALOGS = YES;
				MTL_ENABLE_DEBUG_INFO = NO;
				MTL_FAST_MATH = YES;
				SDKROOT = iphoneos;
				SWIFT_COMPILATION_MODE = wholemodule;
				VALIDATE_PRODUCT = YES;
			};
			name = Release;
		};
		C07558862B057795001414B7 /* Debug */ = {
			isa = XCBuildConfiguration;
			buildSettings = {
				ASSETCATALOG_COMPILER_APPICON_NAME = AppIcon;
				ASSETCATALOG_COMPILER_GLOBAL_ACCENT_COLOR_NAME = AccentColor;
				CLANG_ENABLE_MODULES = YES;
				CODE_SIGN_STYLE = Automatic;
				CURRENT_PROJECT_VERSION = 1;
				DEVELOPMENT_TEAM = F69WJ27LN4;
				GENERATE_INFOPLIST_FILE = YES;
				INFOPLIST_FILE = "Saxophone ML/Info.plist";
				INFOPLIST_KEY_UIApplicationSupportsIndirectInputEvents = YES;
				INFOPLIST_KEY_UILaunchStoryboardName = LaunchScreen;
				INFOPLIST_KEY_UIMainStoryboardFile = Main;
				INFOPLIST_KEY_UISupportedInterfaceOrientations_iPad = "UIInterfaceOrientationPortrait UIInterfaceOrientationPortraitUpsideDown UIInterfaceOrientationLandscapeLeft UIInterfaceOrientationLandscapeRight";
				INFOPLIST_KEY_UISupportedInterfaceOrientations_iPhone = "UIInterfaceOrientationPortrait UIInterfaceOrientationLandscapeLeft UIInterfaceOrientationLandscapeRight";
				IPHONEOS_DEPLOYMENT_TARGET = 16.0;
				LD_RUNPATH_SEARCH_PATHS = (
					"$(inherited)",
					"@executable_path/Frameworks",
				);
				MARKETING_VERSION = 1.0;
				PRODUCT_BUNDLE_IDENTIFIER = "SMUMSLC.Saxophone-ML";
				PRODUCT_NAME = "$(TARGET_NAME)";
				SWIFT_EMIT_LOC_STRINGS = YES;
				SWIFT_OBJC_BRIDGING_HEADER = "Saxophone ML/Saxophone ML-Bridging-Header.h";
				SWIFT_OPTIMIZATION_LEVEL = "-Onone";
				SWIFT_VERSION = 5.0;
				TARGETED_DEVICE_FAMILY = "1,2";
			};
			name = Debug;
		};
		C07558872B057795001414B7 /* Release */ = {
			isa = XCBuildConfiguration;
			buildSettings = {
				ASSETCATALOG_COMPILER_APPICON_NAME = AppIcon;
				ASSETCATALOG_COMPILER_GLOBAL_ACCENT_COLOR_NAME = AccentColor;
				CLANG_ENABLE_MODULES = YES;
				CODE_SIGN_STYLE = Automatic;
				CURRENT_PROJECT_VERSION = 1;
				DEVELOPMENT_TEAM = F69WJ27LN4;
				GENERATE_INFOPLIST_FILE = YES;
				INFOPLIST_FILE = "Saxophone ML/Info.plist";
				INFOPLIST_KEY_UIApplicationSupportsIndirectInputEvents = YES;
				INFOPLIST_KEY_UILaunchStoryboardName = LaunchScreen;
				INFOPLIST_KEY_UIMainStoryboardFile = Main;
				INFOPLIST_KEY_UISupportedInterfaceOrientations_iPad = "UIInterfaceOrientationPortrait UIInterfaceOrientationPortraitUpsideDown UIInterfaceOrientationLandscapeLeft UIInterfaceOrientationLandscapeRight";
				INFOPLIST_KEY_UISupportedInterfaceOrientations_iPhone = "UIInterfaceOrientationPortrait UIInterfaceOrientationLandscapeLeft UIInterfaceOrientationLandscapeRight";
				IPHONEOS_DEPLOYMENT_TARGET = 16.0;
				LD_RUNPATH_SEARCH_PATHS = (
					"$(inherited)",
					"@executable_path/Frameworks",
				);
				MARKETING_VERSION = 1.0;
				PRODUCT_BUNDLE_IDENTIFIER = "SMUMSLC.Saxophone-ML";
				PRODUCT_NAME = "$(TARGET_NAME)";
				SWIFT_EMIT_LOC_STRINGS = YES;
				SWIFT_OBJC_BRIDGING_HEADER = "Saxophone ML/Saxophone ML-Bridging-Header.h";
				SWIFT_VERSION = 5.0;
				TARGETED_DEVICE_FAMILY = "1,2";
			};
			name = Release;
		};
/* End XCBuildConfiguration section */

/* Begin XCConfigurationList section */
		C075586C2B057794001414B7 /* Build configuration list for PBXProject "Saxophone ML" */ = {
			isa = XCConfigurationList;
			buildConfigurations = (
				C07558832B057795001414B7 /* Debug */,
				C07558842B057795001414B7 /* Release */,
			);
			defaultConfigurationIsVisible = 0;
			defaultConfigurationName = Release;
		};
		C07558852B057795001414B7 /* Build configuration list for PBXNativeTarget "Saxophone ML" */ = {
			isa = XCConfigurationList;
			buildConfigurations = (
				C07558862B057795001414B7 /* Debug */,
				C07558872B057795001414B7 /* Release */,
			);
			defaultConfigurationIsVisible = 0;
			defaultConfigurationName = Release;
		};
/* End XCConfigurationList section */
	};
	rootObject = C07558692B057794001414B7 /* Project object */;
}
